
Microsoft Visual Studio Solution File, Format Version 12.00
# Visual Studio Version 17
VisualStudioVersion = 17.0.31903.59
MinimumVisualStudioVersion = 10.0.40219.1
Project("{2150E333-8FDC-42A3-9474-1A3956D46DE8}") = "src", "src", "{D472EC94-BEDA-4B70-A5A2-24729D0E555E}"
EndProject
Project("{FAE04EC0-301F-11D3-BF4B-00C04F79EFBC}") = "Optimus.Client", "src\Optimus.Client\Optimus.Client.csproj", "{E50A4F4F-C7BA-44A1-9F91-1569D849DF2B}"
EndProject
Project("{FAE04EC0-301F-11D3-BF4B-00C04F79EFBC}") = "Optimus.Contracts", "src\Optimus.Contracts\Optimus.Contracts.csproj", "{512FD244-BEAC-4BA7-B7F9-12749B70BBFC}"
EndProject
Project("{FAE04EC0-301F-11D3-BF4B-00C04F79EFBC}") = "Optimus.Core", "src\Optimus.Core\Optimus.Core.csproj", "{B73529A7-A083-4A88-B906-3521542FFCCE}"
EndProject
Project("{FAE04EC0-301F-11D3-BF4B-00C04F79EFBC}") = "Optimus.Inference", "src\Optimus.Inference\Optimus.Inference.csproj", "{0AF6DF30-9B9C-416C-95E7-BE2D1AE4C8CD}"
EndProject
Project("{FAE04EC0-301F-11D3-BF4B-00C04F79EFBC}") = "Optimus.Providers", "src\Optimus.Providers\Optimus.Providers.csproj", "{4C56D6AF-6095-4CA7-A0BC-00A38EFED342}"
EndProject
Project("{FAE04EC0-301F-11D3-BF4B-00C04F79EFBC}") = "Optimus.Service", "src\Optimus.Service\Optimus.Service.csproj", "{ED3B9156-CB84-4EFD-A2FB-93DE7BEA1015}"
EndProject
Project("{FAE04EC0-301F-11D3-BF4B-00C04F79EFBC}") = "Optimus.Shell", "src\Optimus.Shell\Optimus.Shell.csproj", "{5AD9F292-D03F-4FBA-8A0D-E18A3A5EB921}"
EndProject
Project("{2150E333-8FDC-42A3-9474-1A3956D46DE8}") = "tests", "tests", "{C44132B7-7FC4-41F1-AA50-0A3E5340D947}"
EndProject
Project("{FAE04EC0-301F-11D3-BF4B-00C04F79EFBC}") = "Optimus.Architecture.Tests", "tests\Optimus.Architecture.Tests\Optimus.Architecture.Tests.csproj", "{A45FE359-6C6A-454D-BDE3-3A11DBA5D310}"
EndProject
Project("{FAE04EC0-301F-11D3-BF4B-00C04F79EFBC}") = "Optimus.Contracts.Tests", "tests\Optimus.Contracts.Tests\Optimus.Contracts.Tests.csproj", "{F9ED7F29-B880-4F00-8513-A10C82354522}"
EndProject
Project("{FAE04EC0-301F-11D3-BF4B-00C04F79EFBC}") = "Optimus.Core.Tests", "tests\Optimus.Core.Tests\Optimus.Core.Tests.csproj", "{9A01DAC8-64AD-4CB8-8611-D73D434C1ADB}"
EndProject
Project("{FAE04EC0-301F-11D3-BF4B-00C04F79EFBC}") = "Optimus.Inference.Tests", "tests\Optimus.Inference.Tests\Optimus.Inference.Tests.csproj", "{AA339E4A-1CCA-45E4-90FF-D42EDEA99D0C}"
EndProject
Project("{FAE04EC0-301F-11D3-BF4B-00C04F79EFBC}") = "Optimus.Providers.Tests", "tests\Optimus.Providers.Tests\Optimus.Providers.Tests.csproj", "{8E556C9E-0593-451B-948A-AFDEF3BCEE89}"
EndProject
Project("{FAE04EC0-301F-11D3-BF4B-00C04F79EFBC}") = "Optimus.Service.Tests", "tests\Optimus.Service.Tests\Optimus.Service.Tests.csproj", "{82921794-48C9-4D22-919E-7BBA9A2086BE}"
EndProject
Global
	GlobalSection(SolutionConfigurationPlatforms) = preSolution
		Debug|Any CPU = Debug|Any CPU
		Release|Any CPU = Release|Any CPU
	EndGlobalSection
	GlobalSection(SolutionProperties) = preSolution
		HideSolutionNode = FALSE
	EndGlobalSection
	GlobalSection(ProjectConfigurationPlatforms) = postSolution
		{E50A4F4F-C7BA-44A1-9F91-1569D849DF2B}.Debug|Any CPU.ActiveCfg = Debug|Any CPU
		{E50A4F4F-C7BA-44A1-9F91-1569D849DF2B}.Debug|Any CPU.Build.0 = Debug|Any CPU
		{E50A4F4F-C7BA-44A1-9F91-1569D849DF2B}.Release|Any CPU.ActiveCfg = Release|Any CPU
		{E50A4F4F-C7BA-44A1-9F91-1569D849DF2B}.Release|Any CPU.Build.0 = Release|Any CPU
		{512FD244-BEAC-4BA7-B7F9-12749B70BBFC}.Debug|Any CPU.ActiveCfg = Debug|Any CPU
		{512FD244-BEAC-4BA7-B7F9-12749B70BBFC}.Debug|Any CPU.Build.0 = Debug|Any CPU
		{512FD244-BEAC-4BA7-B7F9-12749B70BBFC}.Release|Any CPU.ActiveCfg = Release|Any CPU
		{512FD244-BEAC-4BA7-B7F9-12749B70BBFC}.Release|Any CPU.Build.0 = Release|Any CPU
		{B73529A7-A083-4A88-B906-3521542FFCCE}.Debug|Any CPU.ActiveCfg = Debug|Any CPU
		{B73529A7-A083-4A88-B906-3521542FFCCE}.Debug|Any CPU.Build.0 = Debug|Any CPU
		{B73529A7-A083-4A88-B906-3521542FFCCE}.Release|Any CPU.ActiveCfg = Release|Any CPU
		{B73529A7-A083-4A88-B906-3521542FFCCE}.Release|Any CPU.Build.0 = Release|Any CPU
		{0AF6DF30-9B9C-416C-95E7-BE2D1AE4C8CD}.Debug|Any CPU.ActiveCfg = Debug|Any CPU
		{0AF6DF30-9B9C-416C-95E7-BE2D1AE4C8CD}.Debug|Any CPU.Build.0 = Debug|Any CPU
		{0AF6DF30-9B9C-416C-95E7-BE2D1AE4C8CD}.Release|Any CPU.ActiveCfg = Release|Any CPU
		{0AF6DF30-9B9C-416C-95E7-BE2D1AE4C8CD}.Release|Any CPU.Build.0 = Release|Any CPU
		{4C56D6AF-6095-4CA7-A0BC-00A38EFED342}.Debug|Any CPU.ActiveCfg = Debug|Any CPU
		{4C56D6AF-6095-4CA7-A0BC-00A38EFED342}.Debug|Any CPU.Build.0 = Debug|Any CPU
		{4C56D6AF-6095-4CA7-A0BC-00A38EFED342}.Release|Any CPU.ActiveCfg = Release|Any CPU
		{4C56D6AF-6095-4CA7-A0BC-00A38EFED342}.Release|Any CPU.Build.0 = Release|Any CPU
		{ED3B9156-CB84-4EFD-A2FB-93DE7BEA1015}.Debug|Any CPU.ActiveCfg = Debug|Any CPU
		{ED3B9156-CB84-4EFD-A2FB-93DE7BEA1015}.Debug|Any CPU.Build.0 = Debug|Any CPU
		{ED3B9156-CB84-4EFD-A2FB-93DE7BEA1015}.Release|Any CPU.ActiveCfg = Release|Any CPU
		{ED3B9156-CB84-4EFD-A2FB-93DE7BEA1015}.Release|Any CPU.Build.0 = Release|Any CPU
		{5AD9F292-D03F-4FBA-8A0D-E18A3A5EB921}.Debug|Any CPU.ActiveCfg = Debug|Any CPU
		{5AD9F292-D03F-4FBA-8A0D-E18A3A5EB921}.Debug|Any CPU.Build.0 = Debug|Any CPU
		{5AD9F292-D03F-4FBA-8A0D-E18A3A5EB921}.Release|Any CPU.ActiveCfg = Release|Any CPU
		{5AD9F292-D03F-4FBA-8A0D-E18A3A5EB921}.Release|Any CPU.Build.0 = Release|Any CPU
		{A45FE359-6C6A-454D-BDE3-3A11DBA5D310}.Debug|Any CPU.ActiveCfg = Debug|Any CPU
		{A45FE359-6C6A-454D-BDE3-3A11DBA5D310}.Debug|Any CPU.Build.0 = Debug|Any CPU
		{A45FE359-6C6A-454D-BDE3-3A11DBA5D310}.Release|Any CPU.ActiveCfg = Release|Any CPU
		{A45FE359-6C6A-454D-BDE3-3A11DBA5D310}.Release|Any CPU.Build.0 = Release|Any CPU
		{F9ED7F29-B880-4F00-8513-A10C82354522}.Debug|Any CPU.ActiveCfg = Debug|Any CPU
		{F9ED7F29-B880-4F00-8513-A10C82354522}.Debug|Any CPU.Build.0 = Debug|Any CPU
		{F9ED7F29-B880-4F00-8513-A10C82354522}.Release|Any CPU.ActiveCfg = Release|Any CPU
		{F9ED7F29-B880-4F00-8513-A10C82354522}.Release|Any CPU.Build.0 = Release|Any CPU
		{9A01DAC8-64AD-4CB8-8611-D73D434C1ADB}.Debug|Any CPU.ActiveCfg = Debug|Any CPU
		{9A01DAC8-64AD-4CB8-8611-D73D434C1ADB}.Debug|Any CPU.Build.0 = Debug|Any CPU
		{9A01DAC8-64AD-4CB8-8611-D73D434C1ADB}.Release|Any CPU.ActiveCfg = Release|Any CPU
		{9A01DAC8-64AD-4CB8-8611-D73D434C1ADB}.Release|Any CPU.Build.0 = Release|Any CPU
		{AA339E4A-1CCA-45E4-90FF-D42EDEA99D0C}.Debug|Any CPU.ActiveCfg = Debug|Any CPU
		{AA339E4A-1CCA-45E4-90FF-D42EDEA99D0C}.Debug|Any CPU.Build.0 = Debug|Any CPU
		{AA339E4A-1CCA-45E4-90FF-D42EDEA99D0C}.Release|Any CPU.ActiveCfg = Release|Any CPU
		{AA339E4A-1CCA-45E4-90FF-D42EDEA99D0C}.Release|Any CPU.Build.0 = Release|Any CPU
		{8E556C9E-0593-451B-948A-AFDEF3BCEE89}.Debug|Any CPU.ActiveCfg = Debug|Any CPU
		{8E556C9E-0593-451B-948A-AFDEF3BCEE89}.Debug|Any CPU.Build.0 = Debug|Any CPU
		{8E556C9E-0593-451B-948A-AFDEF3BCEE89}.Release|Any CPU.ActiveCfg = Release|Any CPU
		{8E556C9E-0593-451B-948A-AFDEF3BCEE89}.Release|Any CPU.Build.0 = Release|Any CPU
		{82921794-48C9-4D22-919E-7BBA9A2086BE}.Debug|Any CPU.ActiveCfg = Debug|Any CPU
		{82921794-48C9-4D22-919E-7BBA9A2086BE}.Debug|Any CPU.Build.0 = Debug|Any CPU
		{82921794-48C9-4D22-919E-7BBA9A2086BE}.Release|Any CPU.ActiveCfg = Release|Any CPU
		{82921794-48C9-4D22-919E-7BBA9A2086BE}.Release|Any CPU.Build.0 = Release|Any CPU
	EndGlobalSection
	GlobalSection(NestedProjects) = preSolution
		{E50A4F4F-C7BA-44A1-9F91-1569D849DF2B} = {D472EC94-BEDA-4B70-A5A2-24729D0E555E}
		{512FD244-BEAC-4BA7-B7F9-12749B70BBFC} = {D472EC94-BEDA-4B70-A5A2-24729D0E555E}
		{B73529A7-A083-4A88-B906-3521542FFCCE} = {D472EC94-BEDA-4B70-A5A2-24729D0E555E}
		{0AF6DF30-9B9C-416C-95E7-BE2D1AE4C8CD} = {D472EC94-BEDA-4B70-A5A2-24729D0E555E}
		{4C56D6AF-6095-4CA7-A0BC-00A38EFED342} = {D472EC94-BEDA-4B70-A5A2-24729D0E555E}
		{ED3B9156-CB84-4EFD-A2FB-93DE7BEA1015} = {D472EC94-BEDA-4B70-A5A2-24729D0E555E}
		{5AD9F292-D03F-4FBA-8A0D-E18A3A5EB921} = {D472EC94-BEDA-4B70-A5A2-24729D0E555E}
		{A45FE359-6C6A-454D-BDE3-3A11DBA5D310} = {C44132B7-7FC4-41F1-AA50-0A3E5340D947}
		{F9ED7F29-B880-4F00-8513-A10C82354522} = {C44132B7-7FC4-41F1-AA50-0A3E5340D947}
		{9A01DAC8-64AD-4CB8-8611-D73D434C1ADB} = {C44132B7-7FC4-41F1-AA50-0A3E5340D947}
		{AA339E4A-1CCA-45E4-90FF-D42EDEA99D0C} = {C44132B7-7FC4-41F1-AA50-0A3E5340D947}
		{8E556C9E-0593-451B-948A-AFDEF3BCEE89} = {C44132B7-7FC4-41F1-AA50-0A3E5340D947}
		{82921794-48C9-4D22-919E-7BBA9A2086BE} = {C44132B7-7FC4-41F1-AA50-0A3E5340D947}
	EndGlobalSection
EndGlobal
